// !$*UTF8*$!
{
	archiveVersion = 1;
	classes = {
	};
	objectVersion = 51;
	objects = {

/* Begin PBXBuildFile section */
		70FF95FC82BA8FA4FAB9B58D /* Pods_Instagram.framework in Frameworks */ = {isa = PBXBuildFile; fileRef = 9ADCC18C8438FCD5CE3E5DDE /* Pods_Instagram.framework */; };
		9A3CE70F8A6B23200245D440 /* Pods_InstagramTests.framework in Frameworks */ = {isa = PBXBuildFile; fileRef = 44D2CD272E8B1BBD73FFA7DC /* Pods_InstagramTests.framework */; };
		CB549592FA6D2169CD1B220D /* Pods_Instagram_InstagramUITests.framework in Frameworks */ = {isa = PBXBuildFile; fileRef = 6F8E703D39A3DDF7B21E8E0B /* Pods_Instagram_InstagramUITests.framework */; };
		D6EBC3FD2695E9650007187D /* AppDelegate.m in Sources */ = {isa = PBXBuildFile; fileRef = D6EBC3FC2695E9650007187D /* AppDelegate.m */; };
		D6EBC4002695E9650007187D /* SceneDelegate.m in Sources */ = {isa = PBXBuildFile; fileRef = D6EBC3FF2695E9650007187D /* SceneDelegate.m */; };
		D6EBC4062695E9650007187D /* Main.storyboard in Resources */ = {isa = PBXBuildFile; fileRef = D6EBC4042695E9650007187D /* Main.storyboard */; };
		D6EBC4082695E9660007187D /* Assets.xcassets in Resources */ = {isa = PBXBuildFile; fileRef = D6EBC4072695E9660007187D /* Assets.xcassets */; };
		D6EBC40B2695E9660007187D /* LaunchScreen.storyboard in Resources */ = {isa = PBXBuildFile; fileRef = D6EBC4092695E9660007187D /* LaunchScreen.storyboard */; };
		D6EBC40E2695E9660007187D /* main.m in Sources */ = {isa = PBXBuildFile; fileRef = D6EBC40D2695E9660007187D /* main.m */; };
		D6EBC4182695E9660007187D /* InstagramTests.m in Sources */ = {isa = PBXBuildFile; fileRef = D6EBC4172695E9660007187D /* InstagramTests.m */; };
		D6EBC4232695E9660007187D /* InstagramUITests.m in Sources */ = {isa = PBXBuildFile; fileRef = D6EBC4222695E9660007187D /* InstagramUITests.m */; };
		D6EBC4342695F1980007187D /* LoginViewController.m in Sources */ = {isa = PBXBuildFile; fileRef = D6EBC4332695F1980007187D /* LoginViewController.m */; };
		D6EBC4372695F3180007187D /* HomeFeedViewController.m in Sources */ = {isa = PBXBuildFile; fileRef = D6EBC4362695F3180007187D /* HomeFeedViewController.m */; };
		D6EBC43A269637B90007187D /* ComposeViewController.m in Sources */ = {isa = PBXBuildFile; fileRef = D6EBC439269637B90007187D /* ComposeViewController.m */; };
		D6EBC43E269644FD0007187D /* Post.m in Sources */ = {isa = PBXBuildFile; fileRef = D6EBC43D269644FD0007187D /* Post.m */; };
		D6EBC442269662840007187D /* PostCell.m in Sources */ = {isa = PBXBuildFile; fileRef = D6EBC441269662840007187D /* PostCell.m */; };
		D6EBC4452698BC430007187D /* DetailsViewController.m in Sources */ = {isa = PBXBuildFile; fileRef = D6EBC4442698BC430007187D /* DetailsViewController.m */; };
/* End PBXBuildFile section */

/* Begin PBXContainerItemProxy section */
		D6EBC4142695E9660007187D /* PBXContainerItemProxy */ = {
			isa = PBXContainerItemProxy;
			containerPortal = D6EBC3F02695E9650007187D /* Project object */;
			proxyType = 1;
			remoteGlobalIDString = D6EBC3F72695E9650007187D;
			remoteInfo = Instagram;
		};
		D6EBC41F2695E9660007187D /* PBXContainerItemProxy */ = {
			isa = PBXContainerItemProxy;
			containerPortal = D6EBC3F02695E9650007187D /* Project object */;
			proxyType = 1;
			remoteGlobalIDString = D6EBC3F72695E9650007187D;
			remoteInfo = Instagram;
		};
/* End PBXContainerItemProxy section */

/* Begin PBXFileReference section */
		285AD1F356BDFB5F743F0A71 /* Pods-InstagramTests.release.xcconfig */ = {isa = PBXFileReference; includeInIndex = 1; lastKnownFileType = text.xcconfig; name = "Pods-InstagramTests.release.xcconfig"; path = "Target Support Files/Pods-InstagramTests/Pods-InstagramTests.release.xcconfig"; sourceTree = "<group>"; };
		44D2CD272E8B1BBD73FFA7DC /* Pods_InstagramTests.framework */ = {isa = PBXFileReference; explicitFileType = wrapper.framework; includeInIndex = 0; path = Pods_InstagramTests.framework; sourceTree = BUILT_PRODUCTS_DIR; };
		6F8E703D39A3DDF7B21E8E0B /* Pods_Instagram_InstagramUITests.framework */ = {isa = PBXFileReference; explicitFileType = wrapper.framework; includeInIndex = 0; path = Pods_Instagram_InstagramUITests.framework; sourceTree = BUILT_PRODUCTS_DIR; };
		9ADCC18C8438FCD5CE3E5DDE /* Pods_Instagram.framework */ = {isa = PBXFileReference; explicitFileType = wrapper.framework; includeInIndex = 0; path = Pods_Instagram.framework; sourceTree = BUILT_PRODUCTS_DIR; };
		A4BB58F1558DC2EC083F1A71 /* Pods-Instagram.debug.xcconfig */ = {isa = PBXFileReference; includeInIndex = 1; lastKnownFileType = text.xcconfig; name = "Pods-Instagram.debug.xcconfig"; path = "Target Support Files/Pods-Instagram/Pods-Instagram.debug.xcconfig"; sourceTree = "<group>"; };
		A64201243C53F3AB97916BCF /* Pods-Instagram.release.xcconfig */ = {isa = PBXFileReference; includeInIndex = 1; lastKnownFileType = text.xcconfig; name = "Pods-Instagram.release.xcconfig"; path = "Target Support Files/Pods-Instagram/Pods-Instagram.release.xcconfig"; sourceTree = "<group>"; };
		C8B3C637589EF82FE2790D90 /* Pods-Instagram-InstagramUITests.debug.xcconfig */ = {isa = PBXFileReference; includeInIndex = 1; lastKnownFileType = text.xcconfig; name = "Pods-Instagram-InstagramUITests.debug.xcconfig"; path = "Target Support Files/Pods-Instagram-InstagramUITests/Pods-Instagram-InstagramUITests.debug.xcconfig"; sourceTree = "<group>"; };
		D6EBC3F82695E9650007187D /* Instagram.app */ = {isa = PBXFileReference; explicitFileType = wrapper.application; includeInIndex = 0; path = Instagram.app; sourceTree = BUILT_PRODUCTS_DIR; };
		D6EBC3FB2695E9650007187D /* AppDelegate.h */ = {isa = PBXFileReference; lastKnownFileType = sourcecode.c.h; path = AppDelegate.h; sourceTree = "<group>"; };
		D6EBC3FC2695E9650007187D /* AppDelegate.m */ = {isa = PBXFileReference; lastKnownFileType = sourcecode.c.objc; path = AppDelegate.m; sourceTree = "<group>"; };
		D6EBC3FE2695E9650007187D /* SceneDelegate.h */ = {isa = PBXFileReference; lastKnownFileType = sourcecode.c.h; path = SceneDelegate.h; sourceTree = "<group>"; };
		D6EBC3FF2695E9650007187D /* SceneDelegate.m */ = {isa = PBXFileReference; lastKnownFileType = sourcecode.c.objc; path = SceneDelegate.m; sourceTree = "<group>"; };
		D6EBC4052695E9650007187D /* Base */ = {isa = PBXFileReference; lastKnownFileType = file.storyboard; name = Base; path = Base.lproj/Main.storyboard; sourceTree = "<group>"; };
		D6EBC4072695E9660007187D /* Assets.xcassets */ = {isa = PBXFileReference; lastKnownFileType = folder.assetcatalog; path = Assets.xcassets; sourceTree = "<group>"; };
		D6EBC40A2695E9660007187D /* Base */ = {isa = PBXFileReference; lastKnownFileType = file.storyboard; name = Base; path = Base.lproj/LaunchScreen.storyboard; sourceTree = "<group>"; };
		D6EBC40C2695E9660007187D /* Info.plist */ = {isa = PBXFileReference; lastKnownFileType = text.plist.xml; path = Info.plist; sourceTree = "<group>"; };
		D6EBC40D2695E9660007187D /* main.m */ = {isa = PBXFileReference; lastKnownFileType = sourcecode.c.objc; path = main.m; sourceTree = "<group>"; };
		D6EBC4132695E9660007187D /* InstagramTests.xctest */ = {isa = PBXFileReference; explicitFileType = wrapper.cfbundle; includeInIndex = 0; path = InstagramTests.xctest; sourceTree = BUILT_PRODUCTS_DIR; };
		D6EBC4172695E9660007187D /* InstagramTests.m */ = {isa = PBXFileReference; lastKnownFileType = sourcecode.c.objc; path = InstagramTests.m; sourceTree = "<group>"; };
		D6EBC4192695E9660007187D /* Info.plist */ = {isa = PBXFileReference; lastKnownFileType = text.plist.xml; path = Info.plist; sourceTree = "<group>"; };
		D6EBC41E2695E9660007187D /* InstagramUITests.xctest */ = {isa = PBXFileReference; explicitFileType = wrapper.cfbundle; includeInIndex = 0; path = InstagramUITests.xctest; sourceTree = BUILT_PRODUCTS_DIR; };
		D6EBC4222695E9660007187D /* InstagramUITests.m */ = {isa = PBXFileReference; lastKnownFileType = sourcecode.c.objc; path = InstagramUITests.m; sourceTree = "<group>"; };
		D6EBC4242695E9660007187D /* Info.plist */ = {isa = PBXFileReference; lastKnownFileType = text.plist.xml; path = Info.plist; sourceTree = "<group>"; };
		D6EBC4322695F1980007187D /* LoginViewController.h */ = {isa = PBXFileReference; lastKnownFileType = sourcecode.c.h; path = LoginViewController.h; sourceTree = "<group>"; };
		D6EBC4332695F1980007187D /* LoginViewController.m */ = {isa = PBXFileReference; lastKnownFileType = sourcecode.c.objc; path = LoginViewController.m; sourceTree = "<group>"; };
		D6EBC4352695F3180007187D /* HomeFeedViewController.h */ = {isa = PBXFileReference; lastKnownFileType = sourcecode.c.h; path = HomeFeedViewController.h; sourceTree = "<group>"; };
		D6EBC4362695F3180007187D /* HomeFeedViewController.m */ = {isa = PBXFileReference; lastKnownFileType = sourcecode.c.objc; path = HomeFeedViewController.m; sourceTree = "<group>"; };
		D6EBC438269637B90007187D /* ComposeViewController.h */ = {isa = PBXFileReference; lastKnownFileType = sourcecode.c.h; path = ComposeViewController.h; sourceTree = "<group>"; };
		D6EBC439269637B90007187D /* ComposeViewController.m */ = {isa = PBXFileReference; lastKnownFileType = sourcecode.c.objc; path = ComposeViewController.m; sourceTree = "<group>"; };
		D6EBC43C269644FD0007187D /* Post.h */ = {isa = PBXFileReference; lastKnownFileType = sourcecode.c.h; path = Post.h; sourceTree = "<group>"; };
		D6EBC43D269644FD0007187D /* Post.m */ = {isa = PBXFileReference; lastKnownFileType = sourcecode.c.objc; path = Post.m; sourceTree = "<group>"; };
		D6EBC440269662840007187D /* PostCell.h */ = {isa = PBXFileReference; lastKnownFileType = sourcecode.c.h; path = PostCell.h; sourceTree = "<group>"; };
		D6EBC441269662840007187D /* PostCell.m */ = {isa = PBXFileReference; lastKnownFileType = sourcecode.c.objc; path = PostCell.m; sourceTree = "<group>"; };
		D6EBC4432698BC430007187D /* DetailsViewController.h */ = {isa = PBXFileReference; lastKnownFileType = sourcecode.c.h; path = DetailsViewController.h; sourceTree = "<group>"; };
		D6EBC4442698BC430007187D /* DetailsViewController.m */ = {isa = PBXFileReference; lastKnownFileType = sourcecode.c.objc; path = DetailsViewController.m; sourceTree = "<group>"; };
		F27A6131A9AE7D0815F75D86 /* Pods-InstagramTests.debug.xcconfig */ = {isa = PBXFileReference; includeInIndex = 1; lastKnownFileType = text.xcconfig; name = "Pods-InstagramTests.debug.xcconfig"; path = "Target Support Files/Pods-InstagramTests/Pods-InstagramTests.debug.xcconfig"; sourceTree = "<group>"; };
		FE13A059295FE81B365BA339 /* Pods-Instagram-InstagramUITests.release.xcconfig */ = {isa = PBXFileReference; includeInIndex = 1; lastKnownFileType = text.xcconfig; name = "Pods-Instagram-InstagramUITests.release.xcconfig"; path = "Target Support Files/Pods-Instagram-InstagramUITests/Pods-Instagram-InstagramUITests.release.xcconfig"; sourceTree = "<group>"; };
/* End PBXFileReference section */

/* Begin PBXFrameworksBuildPhase section */
		D6EBC3F52695E9650007187D /* Frameworks */ = {
			isa = PBXFrameworksBuildPhase;
			buildActionMask = 2147483647;
			files = (
				70FF95FC82BA8FA4FAB9B58D /* Pods_Instagram.framework in Frameworks */,
			);
			runOnlyForDeploymentPostprocessing = 0;
		};
		D6EBC4102695E9660007187D /* Frameworks */ = {
			isa = PBXFrameworksBuildPhase;
			buildActionMask = 2147483647;
			files = (
				9A3CE70F8A6B23200245D440 /* Pods_InstagramTests.framework in Frameworks */,
			);
			runOnlyForDeploymentPostprocessing = 0;
		};
		D6EBC41B2695E9660007187D /* Frameworks */ = {
			isa = PBXFrameworksBuildPhase;
			buildActionMask = 2147483647;
			files = (
				CB549592FA6D2169CD1B220D /* Pods_Instagram_InstagramUITests.framework in Frameworks */,
			);
			runOnlyForDeploymentPostprocessing = 0;
		};
/* End PBXFrameworksBuildPhase section */

/* Begin PBXGroup section */
		BEDBF03CCD0E7B629F053C8F /* Pods */ = {
			isa = PBXGroup;
			children = (
				A4BB58F1558DC2EC083F1A71 /* Pods-Instagram.debug.xcconfig */,
				A64201243C53F3AB97916BCF /* Pods-Instagram.release.xcconfig */,
				C8B3C637589EF82FE2790D90 /* Pods-Instagram-InstagramUITests.debug.xcconfig */,
				FE13A059295FE81B365BA339 /* Pods-Instagram-InstagramUITests.release.xcconfig */,
				F27A6131A9AE7D0815F75D86 /* Pods-InstagramTests.debug.xcconfig */,
				285AD1F356BDFB5F743F0A71 /* Pods-InstagramTests.release.xcconfig */,
			);
			path = Pods;
			sourceTree = "<group>";
		};
		D6EBC3EF2695E9650007187D = {
			isa = PBXGroup;
			children = (
				D6EBC3FA2695E9650007187D /* Instagram */,
				D6EBC4162695E9660007187D /* InstagramTests */,
				D6EBC4212695E9660007187D /* InstagramUITests */,
				D6EBC3F92695E9650007187D /* Products */,
				BEDBF03CCD0E7B629F053C8F /* Pods */,
				EF7815D0E695392868266AA5 /* Frameworks */,
			);
			sourceTree = "<group>";
		};
		D6EBC3F92695E9650007187D /* Products */ = {
			isa = PBXGroup;
			children = (
				D6EBC3F82695E9650007187D /* Instagram.app */,
				D6EBC4132695E9660007187D /* InstagramTests.xctest */,
				D6EBC41E2695E9660007187D /* InstagramUITests.xctest */,
			);
			name = Products;
			sourceTree = "<group>";
		};
		D6EBC3FA2695E9650007187D /* Instagram */ = {
			isa = PBXGroup;
			children = (
				D6EBC43F2696623E0007187D /* Views */,
				D6EBC43B269644D60007187D /* Models */,
				D6EBC4312695F17E0007187D /* View Controllers */,
				D6EBC3FB2695E9650007187D /* AppDelegate.h */,
				D6EBC3FC2695E9650007187D /* AppDelegate.m */,
				D6EBC3FE2695E9650007187D /* SceneDelegate.h */,
				D6EBC3FF2695E9650007187D /* SceneDelegate.m */,
				D6EBC4042695E9650007187D /* Main.storyboard */,
				D6EBC4072695E9660007187D /* Assets.xcassets */,
				D6EBC4092695E9660007187D /* LaunchScreen.storyboard */,
				D6EBC40C2695E9660007187D /* Info.plist */,
				D6EBC40D2695E9660007187D /* main.m */,
			);
			path = Instagram;
			sourceTree = "<group>";
		};
		D6EBC4162695E9660007187D /* InstagramTests */ = {
			isa = PBXGroup;
			children = (
				D6EBC4172695E9660007187D /* InstagramTests.m */,
				D6EBC4192695E9660007187D /* Info.plist */,
			);
			path = InstagramTests;
			sourceTree = "<group>";
		};
		D6EBC4212695E9660007187D /* InstagramUITests */ = {
			isa = PBXGroup;
			children = (
				D6EBC4222695E9660007187D /* InstagramUITests.m */,
				D6EBC4242695E9660007187D /* Info.plist */,
			);
			path = InstagramUITests;
			sourceTree = "<group>";
		};
		D6EBC4312695F17E0007187D /* View Controllers */ = {
			isa = PBXGroup;
			children = (
				D6EBC4322695F1980007187D /* LoginViewController.h */,
				D6EBC4332695F1980007187D /* LoginViewController.m */,
				D6EBC4352695F3180007187D /* HomeFeedViewController.h */,
				D6EBC4362695F3180007187D /* HomeFeedViewController.m */,
				D6EBC438269637B90007187D /* ComposeViewController.h */,
				D6EBC439269637B90007187D /* ComposeViewController.m */,
				D6EBC4432698BC430007187D /* DetailsViewController.h */,
				D6EBC4442698BC430007187D /* DetailsViewController.m */,
			);
			path = "View Controllers";
			sourceTree = "<group>";
		};
		D6EBC43B269644D60007187D /* Models */ = {
			isa = PBXGroup;
			children = (
				D6EBC43C269644FD0007187D /* Post.h */,
				D6EBC43D269644FD0007187D /* Post.m */,
			);
			path = Models;
			sourceTree = "<group>";
		};
		D6EBC43F2696623E0007187D /* Views */ = {
			isa = PBXGroup;
			children = (
				D6EBC440269662840007187D /* PostCell.h */,
				D6EBC441269662840007187D /* PostCell.m */,
			);
			path = Views;
			sourceTree = "<group>";
		};
		EF7815D0E695392868266AA5 /* Frameworks */ = {
			isa = PBXGroup;
			children = (
				9ADCC18C8438FCD5CE3E5DDE /* Pods_Instagram.framework */,
				6F8E703D39A3DDF7B21E8E0B /* Pods_Instagram_InstagramUITests.framework */,
				44D2CD272E8B1BBD73FFA7DC /* Pods_InstagramTests.framework */,
			);
			name = Frameworks;
			sourceTree = "<group>";
		};
/* End PBXGroup section */

/* Begin PBXNativeTarget section */
		D6EBC3F72695E9650007187D /* Instagram */ = {
			isa = PBXNativeTarget;
			buildConfigurationList = D6EBC4272695E9660007187D /* Build configuration list for PBXNativeTarget "Instagram" */;
			buildPhases = (
				01EDEE0BF7EB1BFD0091F195 /* [CP] Check Pods Manifest.lock */,
				D6EBC3F42695E9650007187D /* Sources */,
				D6EBC3F52695E9650007187D /* Frameworks */,
				D6EBC3F62695E9650007187D /* Resources */,
				AE4F2753213264CC12FA5FBA /* [CP] Embed Pods Frameworks */,
			);
			buildRules = (
			);
			dependencies = (
			);
			name = Instagram;
			productName = Instagram;
			productReference = D6EBC3F82695E9650007187D /* Instagram.app */;
			productType = "com.apple.product-type.application";
		};
		D6EBC4122695E9660007187D /* InstagramTests */ = {
			isa = PBXNativeTarget;
			buildConfigurationList = D6EBC42A2695E9660007187D /* Build configuration list for PBXNativeTarget "InstagramTests" */;
			buildPhases = (
				B25101EB8BBBD99B347EB7DA /* [CP] Check Pods Manifest.lock */,
				D6EBC40F2695E9660007187D /* Sources */,
				D6EBC4102695E9660007187D /* Frameworks */,
				D6EBC4112695E9660007187D /* Resources */,
			);
			buildRules = (
			);
			dependencies = (
				D6EBC4152695E9660007187D /* PBXTargetDependency */,
			);
			name = InstagramTests;
			productName = InstagramTests;
			productReference = D6EBC4132695E9660007187D /* InstagramTests.xctest */;
			productType = "com.apple.product-type.bundle.unit-test";
		};
		D6EBC41D2695E9660007187D /* InstagramUITests */ = {
			isa = PBXNativeTarget;
			buildConfigurationList = D6EBC42D2695E9660007187D /* Build configuration list for PBXNativeTarget "InstagramUITests" */;
			buildPhases = (
				92F45DAE00CC4870DB7FCEC7 /* [CP] Check Pods Manifest.lock */,
				D6EBC41A2695E9660007187D /* Sources */,
				D6EBC41B2695E9660007187D /* Frameworks */,
				D6EBC41C2695E9660007187D /* Resources */,
				2DDC23C0F4C2A0A28984F345 /* [CP] Embed Pods Frameworks */,
			);
			buildRules = (
			);
			dependencies = (
				D6EBC4202695E9660007187D /* PBXTargetDependency */,
			);
			name = InstagramUITests;
			productName = InstagramUITests;
			productReference = D6EBC41E2695E9660007187D /* InstagramUITests.xctest */;
			productType = "com.apple.product-type.bundle.ui-testing";
		};
/* End PBXNativeTarget section */

/* Begin PBXProject section */
		D6EBC3F02695E9650007187D /* Project object */ = {
			isa = PBXProject;
			attributes = {
				LastUpgradeCheck = 1250;
				TargetAttributes = {
					D6EBC3F72695E9650007187D = {
						CreatedOnToolsVersion = 12.5.1;
					};
					D6EBC4122695E9660007187D = {
						CreatedOnToolsVersion = 12.5.1;
						TestTargetID = D6EBC3F72695E9650007187D;
					};
					D6EBC41D2695E9660007187D = {
						CreatedOnToolsVersion = 12.5.1;
						TestTargetID = D6EBC3F72695E9650007187D;
					};
				};
			};
			buildConfigurationList = D6EBC3F32695E9650007187D /* Build configuration list for PBXProject "Instagram" */;
			compatibilityVersion = "Xcode 9.3";
			developmentRegion = en;
			hasScannedForEncodings = 0;
			knownRegions = (
				en,
				Base,
			);
			mainGroup = D6EBC3EF2695E9650007187D;
			productRefGroup = D6EBC3F92695E9650007187D /* Products */;
			projectDirPath = "";
			projectRoot = "";
			targets = (
				D6EBC3F72695E9650007187D /* Instagram */,
				D6EBC4122695E9660007187D /* InstagramTests */,
				D6EBC41D2695E9660007187D /* InstagramUITests */,
			);
		};
/* End PBXProject section */

/* Begin PBXResourcesBuildPhase section */
		D6EBC3F62695E9650007187D /* Resources */ = {
			isa = PBXResourcesBuildPhase;
			buildActionMask = 2147483647;
			files = (
				D6EBC40B2695E9660007187D /* LaunchScreen.storyboard in Resources */,
				D6EBC4082695E9660007187D /* Assets.xcassets in Resources */,
				D6EBC4062695E9650007187D /* Main.storyboard in Resources */,
			);
			runOnlyForDeploymentPostprocessing = 0;
		};
		D6EBC4112695E9660007187D /* Resources */ = {
			isa = PBXResourcesBuildPhase;
			buildActionMask = 2147483647;
			files = (
			);
			runOnlyForDeploymentPostprocessing = 0;
		};
		D6EBC41C2695E9660007187D /* Resources */ = {
			isa = PBXResourcesBuildPhase;
			buildActionMask = 2147483647;
			files = (
			);
			runOnlyForDeploymentPostprocessing = 0;
		};
/* End PBXResourcesBuildPhase section */

/* Begin PBXShellScriptBuildPhase section */
		01EDEE0BF7EB1BFD0091F195 /* [CP] Check Pods Manifest.lock */ = {
			isa = PBXShellScriptBuildPhase;
			buildActionMask = 2147483647;
			files = (
			);
			inputFileListPaths = (
			);
			inputPaths = (
				"${PODS_PODFILE_DIR_PATH}/Podfile.lock",
				"${PODS_ROOT}/Manifest.lock",
			);
			name = "[CP] Check Pods Manifest.lock";
			outputFileListPaths = (
			);
			outputPaths = (
				"$(DERIVED_FILE_DIR)/Pods-Instagram-checkManifestLockResult.txt",
			);
			runOnlyForDeploymentPostprocessing = 0;
			shellPath = /bin/sh;
			shellScript = "diff \"${PODS_PODFILE_DIR_PATH}/Podfile.lock\" \"${PODS_ROOT}/Manifest.lock\" > /dev/null\nif [ $? != 0 ] ; then\n    # print error to STDERR\n    echo \"error: The sandbox is not in sync with the Podfile.lock. Run 'pod install' or update your CocoaPods installation.\" >&2\n    exit 1\nfi\n# This output is used by Xcode 'outputs' to avoid re-running this script phase.\necho \"SUCCESS\" > \"${SCRIPT_OUTPUT_FILE_0}\"\n";
			showEnvVarsInLog = 0;
		};
		2DDC23C0F4C2A0A28984F345 /* [CP] Embed Pods Frameworks */ = {
			isa = PBXShellScriptBuildPhase;
			buildActionMask = 2147483647;
			files = (
			);
			inputFileListPaths = (
				"${PODS_ROOT}/Target Support Files/Pods-Instagram-InstagramUITests/Pods-Instagram-InstagramUITests-frameworks-${CONFIGURATION}-input-files.xcfilelist",
			);
			name = "[CP] Embed Pods Frameworks";
			outputFileListPaths = (
				"${PODS_ROOT}/Target Support Files/Pods-Instagram-InstagramUITests/Pods-Instagram-InstagramUITests-frameworks-${CONFIGURATION}-output-files.xcfilelist",
			);
			runOnlyForDeploymentPostprocessing = 0;
			shellPath = /bin/sh;
			shellScript = "\"${PODS_ROOT}/Target Support Files/Pods-Instagram-InstagramUITests/Pods-Instagram-InstagramUITests-frameworks.sh\"\n";
			showEnvVarsInLog = 0;
		};
		92F45DAE00CC4870DB7FCEC7 /* [CP] Check Pods Manifest.lock */ = {
			isa = PBXShellScriptBuildPhase;
			buildActionMask = 2147483647;
			files = (
			);
			inputFileListPaths = (
			);
			inputPaths = (
				"${PODS_PODFILE_DIR_PATH}/Podfile.lock",
				"${PODS_ROOT}/Manifest.lock",
			);
			name = "[CP] Check Pods Manifest.lock";
			outputFileListPaths = (
			);
			outputPaths = (
				"$(DERIVED_FILE_DIR)/Pods-Instagram-InstagramUITests-checkManifestLockResult.txt",
			);
			runOnlyForDeploymentPostprocessing = 0;
			shellPath = /bin/sh;
			shellScript = "diff \"${PODS_PODFILE_DIR_PATH}/Podfile.lock\" \"${PODS_ROOT}/Manifest.lock\" > /dev/null\nif [ $? != 0 ] ; then\n    # print error to STDERR\n    echo \"error: The sandbox is not in sync with the Podfile.lock. Run 'pod install' or update your CocoaPods installation.\" >&2\n    exit 1\nfi\n# This output is used by Xcode 'outputs' to avoid re-running this script phase.\necho \"SUCCESS\" > \"${SCRIPT_OUTPUT_FILE_0}\"\n";
			showEnvVarsInLog = 0;
		};
		AE4F2753213264CC12FA5FBA /* [CP] Embed Pods Frameworks */ = {
			isa = PBXShellScriptBuildPhase;
			buildActionMask = 2147483647;
			files = (
			);
			inputFileListPaths = (
				"${PODS_ROOT}/Target Support Files/Pods-Instagram/Pods-Instagram-frameworks-${CONFIGURATION}-input-files.xcfilelist",
			);
			name = "[CP] Embed Pods Frameworks";
			outputFileListPaths = (
				"${PODS_ROOT}/Target Support Files/Pods-Instagram/Pods-Instagram-frameworks-${CONFIGURATION}-output-files.xcfilelist",
			);
			runOnlyForDeploymentPostprocessing = 0;
			shellPath = /bin/sh;
			shellScript = "\"${PODS_ROOT}/Target Support Files/Pods-Instagram/Pods-Instagram-frameworks.sh\"\n";
			showEnvVarsInLog = 0;
		};
		B25101EB8BBBD99B347EB7DA /* [CP] Check Pods Manifest.lock */ = {
			isa = PBXShellScriptBuildPhase;
			buildActionMask = 2147483647;
			files = (
			);
			inputFileListPaths = (
			);
			inputPaths = (
				"${PODS_PODFILE_DIR_PATH}/Podfile.lock",
				"${PODS_ROOT}/Manifest.lock",
			);
			name = "[CP] Check Pods Manifest.lock";
			outputFileListPaths = (
			);
			outputPaths = (
				"$(DERIVED_FILE_DIR)/Pods-InstagramTests-checkManifestLockResult.txt",
			);
			runOnlyForDeploymentPostprocessing = 0;
			shellPath = /bin/sh;
			shellScript = "diff \"${PODS_PODFILE_DIR_PATH}/Podfile.lock\" \"${PODS_ROOT}/Manifest.lock\" > /dev/null\nif [ $? != 0 ] ; then\n    # print error to STDERR\n    echo \"error: The sandbox is not in sync with the Podfile.lock. Run 'pod install' or update your CocoaPods installation.\" >&2\n    exit 1\nfi\n# This output is used by Xcode 'outputs' to avoid re-running this script phase.\necho \"SUCCESS\" > \"${SCRIPT_OUTPUT_FILE_0}\"\n";
			showEnvVarsInLog = 0;
		};
/* End PBXShellScriptBuildPhase section */

/* Begin PBXSourcesBuildPhase section */
		D6EBC3F42695E9650007187D /* Sources */ = {
			isa = PBXSourcesBuildPhase;
			buildActionMask = 2147483647;
			files = (
				D6EBC4372695F3180007187D /* HomeFeedViewController.m in Sources */,
				D6EBC3FD2695E9650007187D /* AppDelegate.m in Sources */,
				D6EBC40E2695E9660007187D /* main.m in Sources */,
				D6EBC442269662840007187D /* PostCell.m in Sources */,
				D6EBC43A269637B90007187D /* ComposeViewController.m in Sources */,
				D6EBC4002695E9650007187D /* SceneDelegate.m in Sources */,
				D6EBC4452698BC430007187D /* DetailsViewController.m in Sources */,
				D6EBC4342695F1980007187D /* LoginViewController.m in Sources */,
				D6EBC43E269644FD0007187D /* Post.m in Sources */,
			);
			runOnlyForDeploymentPostprocessing = 0;
		};
		D6EBC40F2695E9660007187D /* Sources */ = {
			isa = PBXSourcesBuildPhase;
			buildActionMask = 2147483647;
			files = (
				D6EBC4182695E9660007187D /* InstagramTests.m in Sources */,
			);
			runOnlyForDeploymentPostprocessing = 0;
		};
		D6EBC41A2695E9660007187D /* Sources */ = {
			isa = PBXSourcesBuildPhase;
			buildActionMask = 2147483647;
			files = (
				D6EBC4232695E9660007187D /* InstagramUITests.m in Sources */,
			);
			runOnlyForDeploymentPostprocessing = 0;
		};
/* End PBXSourcesBuildPhase section */

/* Begin PBXTargetDependency section */
		D6EBC4152695E9660007187D /* PBXTargetDependency */ = {
			isa = PBXTargetDependency;
			target = D6EBC3F72695E9650007187D /* Instagram */;
			targetProxy = D6EBC4142695E9660007187D /* PBXContainerItemProxy */;
		};
		D6EBC4202695E9660007187D /* PBXTargetDependency */ = {
			isa = PBXTargetDependency;
			target = D6EBC3F72695E9650007187D /* Instagram */;
			targetProxy = D6EBC41F2695E9660007187D /* PBXContainerItemProxy */;
		};
/* End PBXTargetDependency section */

/* Begin PBXVariantGroup section */
		D6EBC4042695E9650007187D /* Main.storyboard */ = {
			isa = PBXVariantGroup;
			children = (
				D6EBC4052695E9650007187D /* Base */,
			);
			name = Main.storyboard;
			sourceTree = "<group>";
		};
		D6EBC4092695E9660007187D /* LaunchScreen.storyboard */ = {
			isa = PBXVariantGroup;
			children = (
				D6EBC40A2695E9660007187D /* Base */,
			);
			name = LaunchScreen.storyboard;
			sourceTree = "<group>";
		};
/* End PBXVariantGroup section */

/* Begin XCBuildConfiguration section */
		D6EBC4252695E9660007187D /* Debug */ = {
			isa = XCBuildConfiguration;
			buildSettings = {
				ALWAYS_SEARCH_USER_PATHS = NO;
				CLANG_ANALYZER_NONNULL = YES;
				CLANG_ANALYZER_NUMBER_OBJECT_CONVERSION = YES_AGGRESSIVE;
				CLANG_CXX_LANGUAGE_STANDARD = "gnu++14";
				CLANG_CXX_LIBRARY = "libc++";
				CLANG_ENABLE_MODULES = YES;
				CLANG_ENABLE_OBJC_ARC = YES;
				CLANG_ENABLE_OBJC_WEAK = YES;
				CLANG_WARN_BLOCK_CAPTURE_AUTORELEASING = YES;
				CLANG_WARN_BOOL_CONVERSION = YES;
				CLANG_WARN_COMMA = YES;
				CLANG_WARN_CONSTANT_CONVERSION = YES;
				CLANG_WARN_DEPRECATED_OBJC_IMPLEMENTATIONS = YES;
				CLANG_WARN_DIRECT_OBJC_ISA_USAGE = YES_ERROR;
				CLANG_WARN_DOCUMENTATION_COMMENTS = YES;
				CLANG_WARN_EMPTY_BODY = YES;
				CLANG_WARN_ENUM_CONVERSION = YES;
				CLANG_WARN_INFINITE_RECURSION = YES;
				CLANG_WARN_INT_CONVERSION = YES;
				CLANG_WARN_NON_LITERAL_NULL_CONVERSION = YES;
				CLANG_WARN_OBJC_IMPLICIT_RETAIN_SELF = YES;
				CLANG_WARN_OBJC_LITERAL_CONVERSION = YES;
				CLANG_WARN_OBJC_ROOT_CLASS = YES_ERROR;
				CLANG_WARN_QUOTED_INCLUDE_IN_FRAMEWORK_HEADER = YES;
				CLANG_WARN_RANGE_LOOP_ANALYSIS = YES;
				CLANG_WARN_STRICT_PROTOTYPES = YES;
				CLANG_WARN_SUSPICIOUS_MOVE = YES;
				CLANG_WARN_UNGUARDED_AVAILABILITY = YES_AGGRESSIVE;
				CLANG_WARN_UNREACHABLE_CODE = YES;
				CLANG_WARN__DUPLICATE_METHOD_MATCH = YES;
				COPY_PHASE_STRIP = NO;
				DEBUG_INFORMATION_FORMAT = dwarf;
				ENABLE_STRICT_OBJC_MSGSEND = YES;
				ENABLE_TESTABILITY = YES;
				GCC_C_LANGUAGE_STANDARD = gnu11;
				GCC_DYNAMIC_NO_PIC = NO;
				GCC_NO_COMMON_BLOCKS = YES;
				GCC_OPTIMIZATION_LEVEL = 0;
				GCC_PREPROCESSOR_DEFINITIONS = (
					"DEBUG=1",
					"$(inherited)",
				);
				GCC_WARN_64_TO_32_BIT_CONVERSION = YES;
				GCC_WARN_ABOUT_RETURN_TYPE = YES_ERROR;
				GCC_WARN_UNDECLARED_SELECTOR = YES;
				GCC_WARN_UNINITIALIZED_AUTOS = YES_AGGRESSIVE;
				GCC_WARN_UNUSED_FUNCTION = YES;
				GCC_WARN_UNUSED_VARIABLE = YES;
				IPHONEOS_DEPLOYMENT_TARGET = 14.5;
				MTL_ENABLE_DEBUG_INFO = INCLUDE_SOURCE;
				MTL_FAST_MATH = YES;
				ONLY_ACTIVE_ARCH = YES;
				SDKROOT = iphoneos;
			};
			name = Debug;
		};
		D6EBC4262695E9660007187D /* Release */ = {
			isa = XCBuildConfiguration;
			buildSettings = {
				ALWAYS_SEARCH_USER_PATHS = NO;
				CLANG_ANALYZER_NONNULL = YES;
				CLANG_ANALYZER_NUMBER_OBJECT_CONVERSION = YES_AGGRESSIVE;
				CLANG_CXX_LANGUAGE_STANDARD = "gnu++14";
				CLANG_CXX_LIBRARY = "libc++";
				CLANG_ENABLE_MODULES = YES;
				CLANG_ENABLE_OBJC_ARC = YES;
				CLANG_ENABLE_OBJC_WEAK = YES;
				CLANG_WARN_BLOCK_CAPTURE_AUTORELEASING = YES;
				CLANG_WARN_BOOL_CONVERSION = YES;
				CLANG_WARN_COMMA = YES;
				CLANG_WARN_CONSTANT_CONVERSION = YES;
				CLANG_WARN_DEPRECATED_OBJC_IMPLEMENTATIONS = YES;
				CLANG_WARN_DIRECT_OBJC_ISA_USAGE = YES_ERROR;
				CLANG_WARN_DOCUMENTATION_COMMENTS = YES;
				CLANG_WARN_EMPTY_BODY = YES;
				CLANG_WARN_ENUM_CONVERSION = YES;
				CLANG_WARN_INFINITE_RECURSION = YES;
				CLANG_WARN_INT_CONVERSION = YES;
				CLANG_WARN_NON_LITERAL_NULL_CONVERSION = YES;
				CLANG_WARN_OBJC_IMPLICIT_RETAIN_SELF = YES;
				CLANG_WARN_OBJC_LITERAL_CONVERSION = YES;
				CLANG_WARN_OBJC_ROOT_CLASS = YES_ERROR;
				CLANG_WARN_QUOTED_INCLUDE_IN_FRAMEWORK_HEADER = YES;
				CLANG_WARN_RANGE_LOOP_ANALYSIS = YES;
				CLANG_WARN_STRICT_PROTOTYPES = YES;
				CLANG_WARN_SUSPICIOUS_MOVE = YES;
				CLANG_WARN_UNGUARDED_AVAILABILITY = YES_AGGRESSIVE;
				CLANG_WARN_UNREACHABLE_CODE = YES;
				CLANG_WARN__DUPLICATE_METHOD_MATCH = YES;
				COPY_PHASE_STRIP = NO;
				DEBUG_INFORMATION_FORMAT = "dwarf-with-dsym";
				ENABLE_NS_ASSERTIONS = NO;
				ENABLE_STRICT_OBJC_MSGSEND = YES;
				GCC_C_LANGUAGE_STANDARD = gnu11;
				GCC_NO_COMMON_BLOCKS = YES;
				GCC_WARN_64_TO_32_BIT_CONVERSION = YES;
				GCC_WARN_ABOUT_RETURN_TYPE = YES_ERROR;
				GCC_WARN_UNDECLARED_SELECTOR = YES;
				GCC_WARN_UNINITIALIZED_AUTOS = YES_AGGRESSIVE;
				GCC_WARN_UNUSED_FUNCTION = YES;
				GCC_WARN_UNUSED_VARIABLE = YES;
				IPHONEOS_DEPLOYMENT_TARGET = 14.5;
				MTL_ENABLE_DEBUG_INFO = NO;
				MTL_FAST_MATH = YES;
				SDKROOT = iphoneos;
				VALIDATE_PRODUCT = YES;
			};
			name = Release;
		};
		D6EBC4282695E9660007187D /* Debug */ = {
			isa = XCBuildConfiguration;
			baseConfigurationReference = A4BB58F1558DC2EC083F1A71 /* Pods-Instagram.debug.xcconfig */;
			buildSettings = {
				ASSETCATALOG_COMPILER_APPICON_NAME = AppIcon;
				ASSETCATALOG_COMPILER_GLOBAL_ACCENT_COLOR_NAME = AccentColor;
				CODE_SIGN_STYLE = Automatic;
				DEVELOPMENT_TEAM = 7586L3P553;
				INFOPLIST_FILE = Instagram/Info.plist;
				LD_RUNPATH_SEARCH_PATHS = (
					"$(inherited)",
					"@executable_path/Frameworks",
				);
				PRODUCT_BUNDLE_IDENTIFIER = com.harleen.Instagram;
				PRODUCT_NAME = "$(TARGET_NAME)";
				TARGETED_DEVICE_FAMILY = "1,2";
			};
			name = Debug;
		};
		D6EBC4292695E9660007187D /* Release */ = {
			isa = XCBuildConfiguration;
			baseConfigurationReference = A64201243C53F3AB97916BCF /* Pods-Instagram.release.xcconfig */;
			buildSettings = {
				ASSETCATALOG_COMPILER_APPICON_NAME = AppIcon;
				ASSETCATALOG_COMPILER_GLOBAL_ACCENT_COLOR_NAME = AccentColor;
				CODE_SIGN_STYLE = Automatic;
				DEVELOPMENT_TEAM = 7586L3P553;
				INFOPLIST_FILE = Instagram/Info.plist;
				LD_RUNPATH_SEARCH_PATHS = (
					"$(inherited)",
					"@executable_path/Frameworks",
				);
				PRODUCT_BUNDLE_IDENTIFIER = com.harleen.Instagram;
				PRODUCT_NAME = "$(TARGET_NAME)";
				TARGETED_DEVICE_FAMILY = "1,2";
			};
			name = Release;
		};
		D6EBC42B2695E9660007187D /* Debug */ = {
			isa = XCBuildConfiguration;
			baseConfigurationReference = F27A6131A9AE7D0815F75D86 /* Pods-InstagramTests.debug.xcconfig */;
			buildSettings = {
				BUNDLE_LOADER = "$(TEST_HOST)";
				CODE_SIGN_STYLE = Automatic;
				DEVELOPMENT_TEAM = 7586L3P553;
				INFOPLIST_FILE = InstagramTests/Info.plist;
				IPHONEOS_DEPLOYMENT_TARGET = 14.5;
				LD_RUNPATH_SEARCH_PATHS = (
					"$(inherited)",
					"@executable_path/Frameworks",
					"@loader_path/Frameworks",
				);
				PRODUCT_BUNDLE_IDENTIFIER = com.harleen.InstagramTests;
				PRODUCT_NAME = "$(TARGET_NAME)";
				TARGETED_DEVICE_FAMILY = "1,2";
				TEST_HOST = "$(BUILT_PRODUCTS_DIR)/Instagram.app/Instagram";
			};
			name = Debug;
		};
		D6EBC42C2695E9660007187D /* Release */ = {
			isa = XCBuildConfiguration;
			baseConfigurationReference = 285AD1F356BDFB5F743F0A71 /* Pods-InstagramTests.release.xcconfig */;
			buildSettings = {
				BUNDLE_LOADER = "$(TEST_HOST)";
				CODE_SIGN_STYLE = Automatic;
				DEVELOPMENT_TEAM = 7586L3P553;
				INFOPLIST_FILE = InstagramTests/Info.plist;
				IPHONEOS_DEPLOYMENT_TARGET = 14.5;
				LD_RUNPATH_SEARCH_PATHS = (
					"$(inherited)",
					"@executable_path/Frameworks",
					"@loader_path/Frameworks",
				);
				PRODUCT_BUNDLE_IDENTIFIER = com.harleen.InstagramTests;
				PRODUCT_NAME = "$(TARGET_NAME)";
				TARGETED_DEVICE_FAMILY = "1,2";
				TEST_HOST = "$(BUILT_PRODUCTS_DIR)/Instagram.app/Instagram";
			};
			name = Release;
		};
		D6EBC42E2695E9660007187D /* Debug */ = {
			isa = XCBuildConfiguration;
			baseConfigurationReference = C8B3C637589EF82FE2790D90 /* Pods-Instagram-InstagramUITests.debug.xcconfig */;
			buildSettings = {
				CODE_SIGN_STYLE = Automatic;
				DEVELOPMENT_TEAM = 7586L3P553;
				INFOPLIST_FILE = InstagramUITests/Info.plist;
				LD_RUNPATH_SEARCH_PATHS = (
					"$(inherited)",
					"@executable_path/Frameworks",
					"@loader_path/Frameworks",
				);
				PRODUCT_BUNDLE_IDENTIFIER = com.harleen.InstagramUITests;
				PRODUCT_NAME = "$(TARGET_NAME)";
				TARGETED_DEVICE_FAMILY = "1,2";
				TEST_TARGET_NAME = Instagram;
			};
			name = Debug;
		};
		D6EBC42F2695E9660007187D /* Release */ = {
			isa = XCBuildConfiguration;
			baseConfigurationReference = FE13A059295FE81B365BA339 /* Pods-Instagram-InstagramUITests.release.xcconfig */;
			buildSettings = {
				CODE_SIGN_STYLE = Automatic;
				DEVELOPMENT_TEAM = 7586L3P553;
				INFOPLIST_FILE = InstagramUITests/Info.plist;
				LD_RUNPATH_SEARCH_PATHS = (
					"$(inherited)",
					"@executable_path/Frameworks",
					"@loader_path/Frameworks",
				);
				PRODUCT_BUNDLE_IDENTIFIER = com.harleen.InstagramUITests;
				PRODUCT_NAME = "$(TARGET_NAME)";
				TARGETED_DEVICE_FAMILY = "1,2";
				TEST_TARGET_NAME = Instagram;
			};
			name = Release;
		};
/* End XCBuildConfiguration section */

/* Begin XCConfigurationList section */
		D6EBC3F32695E9650007187D /* Build configuration list for PBXProject "Instagram" */ = {
			isa = XCConfigurationList;
			buildConfigurations = (
				D6EBC4252695E9660007187D /* Debug */,
				D6EBC4262695E9660007187D /* Release */,
			);
			defaultConfigurationIsVisible = 0;
			defaultConfigurationName = Release;
		};
		D6EBC4272695E9660007187D /* Build configuration list for PBXNativeTarget "Instagram" */ = {
			isa = XCConfigurationList;
			buildConfigurations = (
				D6EBC4282695E9660007187D /* Debug */,
				D6EBC4292695E9660007187D /* Release */,
			);
			defaultConfigurationIsVisible = 0;
			defaultConfigurationName = Release;
		};
		D6EBC42A2695E9660007187D /* Build configuration list for PBXNativeTarget "InstagramTests" */ = {
			isa = XCConfigurationList;
			buildConfigurations = (
				D6EBC42B2695E9660007187D /* Debug */,
				D6EBC42C2695E9660007187D /* Release */,
			);
			defaultConfigurationIsVisible = 0;
			defaultConfigurationName = Release;
		};
		D6EBC42D2695E9660007187D /* Build configuration list for PBXNativeTarget "InstagramUITests" */ = {
			isa = XCConfigurationList;
			buildConfigurations = (
				D6EBC42E2695E9660007187D /* Debug */,
				D6EBC42F2695E9660007187D /* Release */,
			);
			defaultConfigurationIsVisible = 0;
			defaultConfigurationName = Release;
		};
/* End XCConfigurationList section */
	};
	rootObject = D6EBC3F02695E9650007187D /* Project object */;
}
